// !$*UTF8*$!
{
	archiveVersion = 1;
	classes = {
	};
	objectVersion = 50;
	objects = {

/* Begin PBXBuildFile section */
		DA13E04124E72643004A8111 /* AppDelegate.swift in Sources */ = {isa = PBXBuildFile; fileRef = DA13E04024E72643004A8111 /* AppDelegate.swift */; };
		DA13E04A24E72643004A8111 /* Assets.xcassets in Resources */ = {isa = PBXBuildFile; fileRef = DA13E04924E72643004A8111 /* Assets.xcassets */; };
		DA13E04D24E72643004A8111 /* LaunchScreen.storyboard in Resources */ = {isa = PBXBuildFile; fileRef = DA13E04B24E72643004A8111 /* LaunchScreen.storyboard */; };
		DA13E05824E72643004A8111 /* WeatherAppTests.swift in Sources */ = {isa = PBXBuildFile; fileRef = DA13E05724E72643004A8111 /* WeatherAppTests.swift */; };
		DA13E09024E72643004A8111 /* WeatherKit.framework in Frameworks */ = {isa = PBXBuildFile; fileRef = DA13E08C24E72643004A8111 /* WeatherKit.framework */; };
		DA13E09124E72643004A8111 /* WeatherKit.framework in Embed Frameworks */ = {isa = PBXBuildFile; fileRef = DA13E08C24E72643004A8111 /* WeatherKit.framework */; settings = {ATTRIBUTES = (CodeSignOnCopy, RemoveHeadersOnCopy, ); }; };
		DA13E0BD24E7DEA8004A8111 /* CitiesListViewController.swift in Sources */ = {isa = PBXBuildFile; fileRef = DA13E0BB24E7DEA8004A8111 /* CitiesListViewController.swift */; };
		DA13E0BE24E7DEA8004A8111 /* CitiesListViewController.xib in Resources */ = {isa = PBXBuildFile; fileRef = DA13E0BC24E7DEA8004A8111 /* CitiesListViewController.xib */; };
		DA13E0C024E7DEEA004A8111 /* CitiesListInteractor.swift in Sources */ = {isa = PBXBuildFile; fileRef = DA13E0BF24E7DEEA004A8111 /* CitiesListInteractor.swift */; };
		DA13E0C224E7DF09004A8111 /* CitiesListViewModel.swift in Sources */ = {isa = PBXBuildFile; fileRef = DA13E0C124E7DF09004A8111 /* CitiesListViewModel.swift */; };
		DA13E0C624E7DF61004A8111 /* CityDetailsViewController.swift in Sources */ = {isa = PBXBuildFile; fileRef = DA13E0C424E7DF61004A8111 /* CityDetailsViewController.swift */; };
		DA13E0C724E7DF61004A8111 /* CityDetailsViewController.xib in Resources */ = {isa = PBXBuildFile; fileRef = DA13E0C524E7DF61004A8111 /* CityDetailsViewController.xib */; };
		DA13E0C924E7DF73004A8111 /* CityDetailsInteractor.swift in Sources */ = {isa = PBXBuildFile; fileRef = DA13E0C824E7DF73004A8111 /* CityDetailsInteractor.swift */; };
		DA13E0CB24E7DF83004A8111 /* CityDetailsViewModel.swift in Sources */ = {isa = PBXBuildFile; fileRef = DA13E0CA24E7DF83004A8111 /* CityDetailsViewModel.swift */; };
		DA13E0CF24E7DFA4004A8111 /* AddCityViewController.swift in Sources */ = {isa = PBXBuildFile; fileRef = DA13E0CD24E7DFA4004A8111 /* AddCityViewController.swift */; };
		DA13E0D024E7DFA4004A8111 /* AddCityViewController.xib in Resources */ = {isa = PBXBuildFile; fileRef = DA13E0CE24E7DFA4004A8111 /* AddCityViewController.xib */; };
		DA13E0D224E7DFC1004A8111 /* AddCityInteractor.swift in Sources */ = {isa = PBXBuildFile; fileRef = DA13E0D124E7DFC1004A8111 /* AddCityInteractor.swift */; };
		DA13E0D424E7DFCF004A8111 /* AddCityViewModel.swift in Sources */ = {isa = PBXBuildFile; fileRef = DA13E0D324E7DFCF004A8111 /* AddCityViewModel.swift */; };
		DA13E0D724E7E21E004A8111 /* Observable.swift in Sources */ = {isa = PBXBuildFile; fileRef = DA13E0D624E7E21E004A8111 /* Observable.swift */; };
		DA13E0D924E7E27E004A8111 /* ObservableTests.swift in Sources */ = {isa = PBXBuildFile; fileRef = DA13E0D824E7E27E004A8111 /* ObservableTests.swift */; };
		DA2F4A9E24E7EFBC0056A188 /* Constants.swift in Sources */ = {isa = PBXBuildFile; fileRef = DA2F4A9D24E7EFBC0056A188 /* Constants.swift */; };
		DAC3D44524E7FA9600E7D0F6 /* AppCoordinator.swift in Sources */ = {isa = PBXBuildFile; fileRef = DAC3D44424E7FA9600E7D0F6 /* AppCoordinator.swift */; };
		DAC3D44724E7FD4C00E7D0F6 /* SharedAppDependencies.swift in Sources */ = {isa = PBXBuildFile; fileRef = DAC3D44624E7FD4C00E7D0F6 /* SharedAppDependencies.swift */; };
/* End PBXBuildFile section */

/* Begin PBXContainerItemProxy section */
		DA13E05424E72643004A8111 /* PBXContainerItemProxy */ = {
			isa = PBXContainerItemProxy;
			containerPortal = DA13E03524E72643004A8111 /* Project object */;
			proxyType = 1;
			remoteGlobalIDString = DA13E03C24E72643004A8111;
			remoteInfo = WeatherApp;
		};
		DA13E08B24E72643004A8111 /* PBXContainerItemProxy */ = {
			isa = PBXContainerItemProxy;
			containerPortal = DA13E08624E72643004A8111 /* WeatherKit.xcodeproj */;
			proxyType = 2;
			remoteGlobalIDString = DA13E06C24E72643004A8111;
			remoteInfo = WeatherKit;
		};
		DA13E08D24E72643004A8111 /* PBXContainerItemProxy */ = {
			isa = PBXContainerItemProxy;
			containerPortal = DA13E08624E72643004A8111 /* WeatherKit.xcodeproj */;
			proxyType = 2;
			remoteGlobalIDString = DA13E07524E72643004A8111;
			remoteInfo = WeatherKitTests;
		};
/* End PBXContainerItemProxy section */

/* Begin PBXCopyFilesBuildPhase section */
		DA13E09224E72643004A8111 /* Embed Frameworks */ = {
			isa = PBXCopyFilesBuildPhase;
			buildActionMask = 2147483647;
			dstPath = "";
			dstSubfolderSpec = 10;
			files = (
				DA13E09124E72643004A8111 /* WeatherKit.framework in Embed Frameworks */,
			);
			name = "Embed Frameworks";
			runOnlyForDeploymentPostprocessing = 0;
		};
/* End PBXCopyFilesBuildPhase section */

/* Begin PBXFileReference section */
		DA13E03D24E72643004A8111 /* WeatherApp.app */ = {isa = PBXFileReference; explicitFileType = wrapper.application; includeInIndex = 0; path = WeatherApp.app; sourceTree = BUILT_PRODUCTS_DIR; };
		DA13E04024E72643004A8111 /* AppDelegate.swift */ = {isa = PBXFileReference; lastKnownFileType = sourcecode.swift; path = AppDelegate.swift; sourceTree = "<group>"; };
		DA13E04924E72643004A8111 /* Assets.xcassets */ = {isa = PBXFileReference; lastKnownFileType = folder.assetcatalog; path = Assets.xcassets; sourceTree = "<group>"; };
		DA13E04C24E72643004A8111 /* Base */ = {isa = PBXFileReference; lastKnownFileType = file.storyboard; name = Base; path = Base.lproj/LaunchScreen.storyboard; sourceTree = "<group>"; };
		DA13E04E24E72643004A8111 /* Info.plist */ = {isa = PBXFileReference; lastKnownFileType = text.plist.xml; path = Info.plist; sourceTree = "<group>"; };
		DA13E05324E72643004A8111 /* WeatherAppTests.xctest */ = {isa = PBXFileReference; explicitFileType = wrapper.cfbundle; includeInIndex = 0; path = WeatherAppTests.xctest; sourceTree = BUILT_PRODUCTS_DIR; };
		DA13E05724E72643004A8111 /* WeatherAppTests.swift */ = {isa = PBXFileReference; lastKnownFileType = sourcecode.swift; path = WeatherAppTests.swift; sourceTree = "<group>"; };
		DA13E05924E72643004A8111 /* Info.plist */ = {isa = PBXFileReference; lastKnownFileType = text.plist.xml; path = Info.plist; sourceTree = "<group>"; };
		DA13E08624E72643004A8111 /* WeatherKit.xcodeproj */ = {isa = PBXFileReference; lastKnownFileType = "wrapper.pb-project"; name = WeatherKit.xcodeproj; path = WeatherKit/WeatherKit.xcodeproj; sourceTree = "<group>"; };
		DA13E0BB24E7DEA8004A8111 /* CitiesListViewController.swift */ = {isa = PBXFileReference; lastKnownFileType = sourcecode.swift; path = CitiesListViewController.swift; sourceTree = "<group>"; };
		DA13E0BC24E7DEA8004A8111 /* CitiesListViewController.xib */ = {isa = PBXFileReference; lastKnownFileType = file.xib; path = CitiesListViewController.xib; sourceTree = "<group>"; };
		DA13E0BF24E7DEEA004A8111 /* CitiesListInteractor.swift */ = {isa = PBXFileReference; lastKnownFileType = sourcecode.swift; path = CitiesListInteractor.swift; sourceTree = "<group>"; };
		DA13E0C124E7DF09004A8111 /* CitiesListViewModel.swift */ = {isa = PBXFileReference; lastKnownFileType = sourcecode.swift; path = CitiesListViewModel.swift; sourceTree = "<group>"; };
		DA13E0C424E7DF61004A8111 /* CityDetailsViewController.swift */ = {isa = PBXFileReference; lastKnownFileType = sourcecode.swift; path = CityDetailsViewController.swift; sourceTree = "<group>"; };
		DA13E0C524E7DF61004A8111 /* CityDetailsViewController.xib */ = {isa = PBXFileReference; lastKnownFileType = file.xib; path = CityDetailsViewController.xib; sourceTree = "<group>"; };
		DA13E0C824E7DF73004A8111 /* CityDetailsInteractor.swift */ = {isa = PBXFileReference; lastKnownFileType = sourcecode.swift; path = CityDetailsInteractor.swift; sourceTree = "<group>"; };
		DA13E0CA24E7DF83004A8111 /* CityDetailsViewModel.swift */ = {isa = PBXFileReference; lastKnownFileType = sourcecode.swift; path = CityDetailsViewModel.swift; sourceTree = "<group>"; };
		DA13E0CD24E7DFA4004A8111 /* AddCityViewController.swift */ = {isa = PBXFileReference; lastKnownFileType = sourcecode.swift; path = AddCityViewController.swift; sourceTree = "<group>"; };
		DA13E0CE24E7DFA4004A8111 /* AddCityViewController.xib */ = {isa = PBXFileReference; lastKnownFileType = file.xib; path = AddCityViewController.xib; sourceTree = "<group>"; };
		DA13E0D124E7DFC1004A8111 /* AddCityInteractor.swift */ = {isa = PBXFileReference; lastKnownFileType = sourcecode.swift; path = AddCityInteractor.swift; sourceTree = "<group>"; };
		DA13E0D324E7DFCF004A8111 /* AddCityViewModel.swift */ = {isa = PBXFileReference; lastKnownFileType = sourcecode.swift; path = AddCityViewModel.swift; sourceTree = "<group>"; };
		DA13E0D624E7E21E004A8111 /* Observable.swift */ = {isa = PBXFileReference; lastKnownFileType = sourcecode.swift; path = Observable.swift; sourceTree = "<group>"; };
		DA13E0D824E7E27E004A8111 /* ObservableTests.swift */ = {isa = PBXFileReference; lastKnownFileType = sourcecode.swift; path = ObservableTests.swift; sourceTree = "<group>"; };
		DA2F4A9D24E7EFBC0056A188 /* Constants.swift */ = {isa = PBXFileReference; lastKnownFileType = sourcecode.swift; path = Constants.swift; sourceTree = "<group>"; };
		DAC3D44424E7FA9600E7D0F6 /* AppCoordinator.swift */ = {isa = PBXFileReference; lastKnownFileType = sourcecode.swift; path = AppCoordinator.swift; sourceTree = "<group>"; };
		DAC3D44624E7FD4C00E7D0F6 /* SharedAppDependencies.swift */ = {isa = PBXFileReference; lastKnownFileType = sourcecode.swift; path = SharedAppDependencies.swift; sourceTree = "<group>"; };
/* End PBXFileReference section */

/* Begin PBXFrameworksBuildPhase section */
		DA13E03A24E72643004A8111 /* Frameworks */ = {
			isa = PBXFrameworksBuildPhase;
			buildActionMask = 2147483647;
			files = (
				DA13E09024E72643004A8111 /* WeatherKit.framework in Frameworks */,
			);
			runOnlyForDeploymentPostprocessing = 0;
		};
		DA13E05024E72643004A8111 /* Frameworks */ = {
			isa = PBXFrameworksBuildPhase;
			buildActionMask = 2147483647;
			files = (
			);
			runOnlyForDeploymentPostprocessing = 0;
		};
/* End PBXFrameworksBuildPhase section */

/* Begin PBXGroup section */
		DA13E03424E72643004A8111 = {
			isa = PBXGroup;
			children = (
				DA13E08624E72643004A8111 /* WeatherKit.xcodeproj */,
				DA13E03F24E72643004A8111 /* WeatherApp */,
				DA13E05624E72643004A8111 /* WeatherAppTests */,
				DA13E03E24E72643004A8111 /* Products */,
				DA13E08F24E72643004A8111 /* Frameworks */,
			);
			sourceTree = "<group>";
		};
		DA13E03E24E72643004A8111 /* Products */ = {
			isa = PBXGroup;
			children = (
				DA13E03D24E72643004A8111 /* WeatherApp.app */,
				DA13E05324E72643004A8111 /* WeatherAppTests.xctest */,
			);
			name = Products;
			sourceTree = "<group>";
		};
		DA13E03F24E72643004A8111 /* WeatherApp */ = {
			isa = PBXGroup;
			children = (
				DAC3D44124E7FA8800E7D0F6 /* common */,
				DA13E0D524E7E208004A8111 /* utils */,
				DA13E0B924E7DE60004A8111 /* scenes */,
				DA13E04024E72643004A8111 /* AppDelegate.swift */,
				DA13E04924E72643004A8111 /* Assets.xcassets */,
				DA13E04B24E72643004A8111 /* LaunchScreen.storyboard */,
				DA13E04E24E72643004A8111 /* Info.plist */,
			);
			path = WeatherApp;
			sourceTree = "<group>";
		};
		DA13E05624E72643004A8111 /* WeatherAppTests */ = {
			isa = PBXGroup;
			children = (
				DA13E05724E72643004A8111 /* WeatherAppTests.swift */,
				DA13E05924E72643004A8111 /* Info.plist */,
				DA13E0D824E7E27E004A8111 /* ObservableTests.swift */,
			);
			path = WeatherAppTests;
			sourceTree = "<group>";
		};
		DA13E08724E72643004A8111 /* Products */ = {
			isa = PBXGroup;
			children = (
				DA13E08C24E72643004A8111 /* WeatherKit.framework */,
				DA13E08E24E72643004A8111 /* WeatherKitTests.xctest */,
			);
			name = Products;
			sourceTree = "<group>";
		};
		DA13E08F24E72643004A8111 /* Frameworks */ = {
			isa = PBXGroup;
			children = (
			);
			name = Frameworks;
			sourceTree = "<group>";
		};
		DA13E0B924E7DE60004A8111 /* scenes */ = {
			isa = PBXGroup;
			children = (
				DA13E0CC24E7DF89004A8111 /* addCity */,
				DA13E0C324E7DF2C004A8111 /* cityDetails */,
				DA13E0BA24E7DE6A004A8111 /* citiesList */,
			);
			path = scenes;
			sourceTree = "<group>";
		};
		DA13E0BA24E7DE6A004A8111 /* citiesList */ = {
			isa = PBXGroup;
			children = (
				DA13E0BB24E7DEA8004A8111 /* CitiesListViewController.swift */,
				DA13E0BC24E7DEA8004A8111 /* CitiesListViewController.xib */,
				DA13E0BF24E7DEEA004A8111 /* CitiesListInteractor.swift */,
				DA13E0C124E7DF09004A8111 /* CitiesListViewModel.swift */,
			);
			path = citiesList;
			sourceTree = "<group>";
		};
		DA13E0C324E7DF2C004A8111 /* cityDetails */ = {
			isa = PBXGroup;
			children = (
				DA13E0C424E7DF61004A8111 /* CityDetailsViewController.swift */,
				DA13E0C524E7DF61004A8111 /* CityDetailsViewController.xib */,
				DA13E0C824E7DF73004A8111 /* CityDetailsInteractor.swift */,
				DA13E0CA24E7DF83004A8111 /* CityDetailsViewModel.swift */,
			);
			path = cityDetails;
			sourceTree = "<group>";
		};
		DA13E0CC24E7DF89004A8111 /* addCity */ = {
			isa = PBXGroup;
			children = (
				DA13E0CD24E7DFA4004A8111 /* AddCityViewController.swift */,
				DA13E0CE24E7DFA4004A8111 /* AddCityViewController.xib */,
				DA13E0D124E7DFC1004A8111 /* AddCityInteractor.swift */,
				DA13E0D324E7DFCF004A8111 /* AddCityViewModel.swift */,
			);
			path = addCity;
			sourceTree = "<group>";
		};
		DA13E0D524E7E208004A8111 /* utils */ = {
			isa = PBXGroup;
			children = (
				DA13E0D624E7E21E004A8111 /* Observable.swift */,
				DA2F4A9D24E7EFBC0056A188 /* Constants.swift */,
			);
			path = utils;
			sourceTree = "<group>";
		};
		DAC3D44124E7FA8800E7D0F6 /* common */ = {
			isa = PBXGroup;
			children = (
				DAC3D44424E7FA9600E7D0F6 /* AppCoordinator.swift */,
				DAC3D44624E7FD4C00E7D0F6 /* SharedAppDependencies.swift */,
			);
			path = common;
			sourceTree = "<group>";
		};
/* End PBXGroup section */

/* Begin PBXNativeTarget section */
		DA13E03C24E72643004A8111 /* WeatherApp */ = {
			isa = PBXNativeTarget;
			buildConfigurationList = DA13E05C24E72643004A8111 /* Build configuration list for PBXNativeTarget "WeatherApp" */;
			buildPhases = (
				DA13E03924E72643004A8111 /* Sources */,
				DA13E03A24E72643004A8111 /* Frameworks */,
				DA13E03B24E72643004A8111 /* Resources */,
				DA13E09224E72643004A8111 /* Embed Frameworks */,
			);
			buildRules = (
			);
			dependencies = (
			);
			name = WeatherApp;
			productName = WeatherApp;
			productReference = DA13E03D24E72643004A8111 /* WeatherApp.app */;
			productType = "com.apple.product-type.application";
		};
		DA13E05224E72643004A8111 /* WeatherAppTests */ = {
			isa = PBXNativeTarget;
			buildConfigurationList = DA13E05F24E72643004A8111 /* Build configuration list for PBXNativeTarget "WeatherAppTests" */;
			buildPhases = (
				DA13E04F24E72643004A8111 /* Sources */,
				DA13E05024E72643004A8111 /* Frameworks */,
				DA13E05124E72643004A8111 /* Resources */,
			);
			buildRules = (
			);
			dependencies = (
				DA13E05524E72643004A8111 /* PBXTargetDependency */,
			);
			name = WeatherAppTests;
			productName = WeatherAppTests;
			productReference = DA13E05324E72643004A8111 /* WeatherAppTests.xctest */;
			productType = "com.apple.product-type.bundle.unit-test";
		};
/* End PBXNativeTarget section */

/* Begin PBXProject section */
		DA13E03524E72643004A8111 /* Project object */ = {
			isa = PBXProject;
			attributes = {
				LastSwiftUpdateCheck = 1100;
				LastUpgradeCheck = 1100;
				ORGANIZATIONNAME = "Issam Lanouari";
				TargetAttributes = {
					DA13E03C24E72643004A8111 = {
						CreatedOnToolsVersion = 11.0;
					};
					DA13E05224E72643004A8111 = {
						CreatedOnToolsVersion = 11.0;
						TestTargetID = DA13E03C24E72643004A8111;
					};
				};
			};
			buildConfigurationList = DA13E03824E72643004A8111 /* Build configuration list for PBXProject "WeatherApp" */;
			compatibilityVersion = "Xcode 9.3";
			developmentRegion = en;
			hasScannedForEncodings = 0;
			knownRegions = (
				en,
				Base,
			);
			mainGroup = DA13E03424E72643004A8111;
			productRefGroup = DA13E03E24E72643004A8111 /* Products */;
			projectDirPath = "";
			projectReferences = (
				{
					ProductGroup = DA13E08724E72643004A8111 /* Products */;
					ProjectRef = DA13E08624E72643004A8111 /* WeatherKit.xcodeproj */;
				},
			);
			projectRoot = "";
			targets = (
				DA13E03C24E72643004A8111 /* WeatherApp */,
				DA13E05224E72643004A8111 /* WeatherAppTests */,
			);
		};
/* End PBXProject section */

/* Begin PBXReferenceProxy section */
		DA13E08C24E72643004A8111 /* WeatherKit.framework */ = {
			isa = PBXReferenceProxy;
			fileType = wrapper.framework;
			path = WeatherKit.framework;
			remoteRef = DA13E08B24E72643004A8111 /* PBXContainerItemProxy */;
			sourceTree = BUILT_PRODUCTS_DIR;
		};
		DA13E08E24E72643004A8111 /* WeatherKitTests.xctest */ = {
			isa = PBXReferenceProxy;
			fileType = wrapper.cfbundle;
			path = WeatherKitTests.xctest;
			remoteRef = DA13E08D24E72643004A8111 /* PBXContainerItemProxy */;
			sourceTree = BUILT_PRODUCTS_DIR;
		};
/* End PBXReferenceProxy section */

/* Begin PBXResourcesBuildPhase section */
		DA13E03B24E72643004A8111 /* Resources */ = {
			isa = PBXResourcesBuildPhase;
			buildActionMask = 2147483647;
			files = (
				DA13E0D024E7DFA4004A8111 /* AddCityViewController.xib in Resources */,
				DA13E0C724E7DF61004A8111 /* CityDetailsViewController.xib in Resources */,
				DA13E04D24E72643004A8111 /* LaunchScreen.storyboard in Resources */,
				DA13E04A24E72643004A8111 /* Assets.xcassets in Resources */,
				DA13E0BE24E7DEA8004A8111 /* CitiesListViewController.xib in Resources */,
			);
			runOnlyForDeploymentPostprocessing = 0;
		};
		DA13E05124E72643004A8111 /* Resources */ = {
			isa = PBXResourcesBuildPhase;
			buildActionMask = 2147483647;
			files = (
			);
			runOnlyForDeploymentPostprocessing = 0;
		};
/* End PBXResourcesBuildPhase section */

/* Begin PBXSourcesBuildPhase section */
		DA13E03924E72643004A8111 /* Sources */ = {
			isa = PBXSourcesBuildPhase;
			buildActionMask = 2147483647;
			files = (
				DA13E0D724E7E21E004A8111 /* Observable.swift in Sources */,
				DA13E0C924E7DF73004A8111 /* CityDetailsInteractor.swift in Sources */,
				DA13E0D224E7DFC1004A8111 /* AddCityInteractor.swift in Sources */,
				DA13E0CB24E7DF83004A8111 /* CityDetailsViewModel.swift in Sources */,
				DA13E0C024E7DEEA004A8111 /* CitiesListInteractor.swift in Sources */,
				DA13E0C224E7DF09004A8111 /* CitiesListViewModel.swift in Sources */,
				DA13E0D424E7DFCF004A8111 /* AddCityViewModel.swift in Sources */,
				DA13E0C624E7DF61004A8111 /* CityDetailsViewController.swift in Sources */,
				DA13E04124E72643004A8111 /* AppDelegate.swift in Sources */,
				DA13E0BD24E7DEA8004A8111 /* CitiesListViewController.swift in Sources */,
				DAC3D44524E7FA9600E7D0F6 /* AppCoordinator.swift in Sources */,
				DAC3D44724E7FD4C00E7D0F6 /* SharedAppDependencies.swift in Sources */,
				DA13E0CF24E7DFA4004A8111 /* AddCityViewController.swift in Sources */,
				DA2F4A9E24E7EFBC0056A188 /* Constants.swift in Sources */,
			);
			runOnlyForDeploymentPostprocessing = 0;
		};
		DA13E04F24E72643004A8111 /* Sources */ = {
			isa = PBXSourcesBuildPhase;
			buildActionMask = 2147483647;
			files = (
				DA13E0D924E7E27E004A8111 /* ObservableTests.swift in Sources */,
				DA13E05824E72643004A8111 /* WeatherAppTests.swift in Sources */,
			);
			runOnlyForDeploymentPostprocessing = 0;
		};
/* End PBXSourcesBuildPhase section */

/* Begin PBXTargetDependency section */
		DA13E05524E72643004A8111 /* PBXTargetDependency */ = {
			isa = PBXTargetDependency;
			target = DA13E03C24E72643004A8111 /* WeatherApp */;
			targetProxy = DA13E05424E72643004A8111 /* PBXContainerItemProxy */;
		};
/* End PBXTargetDependency section */

/* Begin PBXVariantGroup section */
		DA13E04B24E72643004A8111 /* LaunchScreen.storyboard */ = {
			isa = PBXVariantGroup;
			children = (
				DA13E04C24E72643004A8111 /* Base */,
			);
			name = LaunchScreen.storyboard;
			sourceTree = "<group>";
		};
/* End PBXVariantGroup section */

/* Begin XCBuildConfiguration section */
		DA13E05A24E72643004A8111 /* Debug */ = {
			isa = XCBuildConfiguration;
			buildSettings = {
				ALWAYS_SEARCH_USER_PATHS = NO;
				CLANG_ANALYZER_NONNULL = YES;
				CLANG_ANALYZER_NUMBER_OBJECT_CONVERSION = YES_AGGRESSIVE;
				CLANG_CXX_LANGUAGE_STANDARD = "gnu++14";
				CLANG_CXX_LIBRARY = "libc++";
				CLANG_ENABLE_MODULES = YES;
				CLANG_ENABLE_OBJC_ARC = YES;
				CLANG_ENABLE_OBJC_WEAK = YES;
				CLANG_WARN_BLOCK_CAPTURE_AUTORELEASING = YES;
				CLANG_WARN_BOOL_CONVERSION = YES;
				CLANG_WARN_COMMA = YES;
				CLANG_WARN_CONSTANT_CONVERSION = YES;
				CLANG_WARN_DEPRECATED_OBJC_IMPLEMENTATIONS = YES;
				CLANG_WARN_DIRECT_OBJC_ISA_USAGE = YES_ERROR;
				CLANG_WARN_DOCUMENTATION_COMMENTS = YES;
				CLANG_WARN_EMPTY_BODY = YES;
				CLANG_WARN_ENUM_CONVERSION = YES;
				CLANG_WARN_INFINITE_RECURSION = YES;
				CLANG_WARN_INT_CONVERSION = YES;
				CLANG_WARN_NON_LITERAL_NULL_CONVERSION = YES;
				CLANG_WARN_OBJC_IMPLICIT_RETAIN_SELF = YES;
				CLANG_WARN_OBJC_LITERAL_CONVERSION = YES;
				CLANG_WARN_OBJC_ROOT_CLASS = YES_ERROR;
				CLANG_WARN_RANGE_LOOP_ANALYSIS = YES;
				CLANG_WARN_STRICT_PROTOTYPES = YES;
				CLANG_WARN_SUSPICIOUS_MOVE = YES;
				CLANG_WARN_UNGUARDED_AVAILABILITY = YES_AGGRESSIVE;
				CLANG_WARN_UNREACHABLE_CODE = YES;
				CLANG_WARN__DUPLICATE_METHOD_MATCH = YES;
				COPY_PHASE_STRIP = NO;
				DEBUG_INFORMATION_FORMAT = dwarf;
				ENABLE_STRICT_OBJC_MSGSEND = YES;
				ENABLE_TESTABILITY = YES;
				GCC_C_LANGUAGE_STANDARD = gnu11;
				GCC_DYNAMIC_NO_PIC = NO;
				GCC_NO_COMMON_BLOCKS = YES;
				GCC_OPTIMIZATION_LEVEL = 0;
				GCC_PREPROCESSOR_DEFINITIONS = (
					"DEBUG=1",
					"$(inherited)",
				);
				GCC_WARN_64_TO_32_BIT_CONVERSION = YES;
				GCC_WARN_ABOUT_RETURN_TYPE = YES_ERROR;
				GCC_WARN_UNDECLARED_SELECTOR = YES;
				GCC_WARN_UNINITIALIZED_AUTOS = YES_AGGRESSIVE;
				GCC_WARN_UNUSED_FUNCTION = YES;
				GCC_WARN_UNUSED_VARIABLE = YES;
				IPHONEOS_DEPLOYMENT_TARGET = 13.0;
				MTL_ENABLE_DEBUG_INFO = INCLUDE_SOURCE;
				MTL_FAST_MATH = YES;
				ONLY_ACTIVE_ARCH = YES;
				SDKROOT = iphoneos;
				SWIFT_ACTIVE_COMPILATION_CONDITIONS = DEBUG;
				SWIFT_OPTIMIZATION_LEVEL = "-Onone";
			};
			name = Debug;
		};
		DA13E05B24E72643004A8111 /* Release */ = {
			isa = XCBuildConfiguration;
			buildSettings = {
				ALWAYS_SEARCH_USER_PATHS = NO;
				CLANG_ANALYZER_NONNULL = YES;
				CLANG_ANALYZER_NUMBER_OBJECT_CONVERSION = YES_AGGRESSIVE;
				CLANG_CXX_LANGUAGE_STANDARD = "gnu++14";
				CLANG_CXX_LIBRARY = "libc++";
				CLANG_ENABLE_MODULES = YES;
				CLANG_ENABLE_OBJC_ARC = YES;
				CLANG_ENABLE_OBJC_WEAK = YES;
				CLANG_WARN_BLOCK_CAPTURE_AUTORELEASING = YES;
				CLANG_WARN_BOOL_CONVERSION = YES;
				CLANG_WARN_COMMA = YES;
				CLANG_WARN_CONSTANT_CONVERSION = YES;
				CLANG_WARN_DEPRECATED_OBJC_IMPLEMENTATIONS = YES;
				CLANG_WARN_DIRECT_OBJC_ISA_USAGE = YES_ERROR;
				CLANG_WARN_DOCUMENTATION_COMMENTS = YES;
				CLANG_WARN_EMPTY_BODY = YES;
				CLANG_WARN_ENUM_CONVERSION = YES;
				CLANG_WARN_INFINITE_RECURSION = YES;
				CLANG_WARN_INT_CONVERSION = YES;
				CLANG_WARN_NON_LITERAL_NULL_CONVERSION = YES;
				CLANG_WARN_OBJC_IMPLICIT_RETAIN_SELF = YES;
				CLANG_WARN_OBJC_LITERAL_CONVERSION = YES;
				CLANG_WARN_OBJC_ROOT_CLASS = YES_ERROR;
				CLANG_WARN_RANGE_LOOP_ANALYSIS = YES;
				CLANG_WARN_STRICT_PROTOTYPES = YES;
				CLANG_WARN_SUSPICIOUS_MOVE = YES;
				CLANG_WARN_UNGUARDED_AVAILABILITY = YES_AGGRESSIVE;
				CLANG_WARN_UNREACHABLE_CODE = YES;
				CLANG_WARN__DUPLICATE_METHOD_MATCH = YES;
				COPY_PHASE_STRIP = NO;
				DEBUG_INFORMATION_FORMAT = "dwarf-with-dsym";
				ENABLE_NS_ASSERTIONS = NO;
				ENABLE_STRICT_OBJC_MSGSEND = YES;
				GCC_C_LANGUAGE_STANDARD = gnu11;
				GCC_NO_COMMON_BLOCKS = YES;
				GCC_WARN_64_TO_32_BIT_CONVERSION = YES;
				GCC_WARN_ABOUT_RETURN_TYPE = YES_ERROR;
				GCC_WARN_UNDECLARED_SELECTOR = YES;
				GCC_WARN_UNINITIALIZED_AUTOS = YES_AGGRESSIVE;
				GCC_WARN_UNUSED_FUNCTION = YES;
				GCC_WARN_UNUSED_VARIABLE = YES;
				IPHONEOS_DEPLOYMENT_TARGET = 13.0;
				MTL_ENABLE_DEBUG_INFO = NO;
				MTL_FAST_MATH = YES;
				SDKROOT = iphoneos;
				SWIFT_COMPILATION_MODE = wholemodule;
				SWIFT_OPTIMIZATION_LEVEL = "-O";
				VALIDATE_PRODUCT = YES;
			};
			name = Release;
		};
		DA13E05D24E72643004A8111 /* Debug */ = {
			isa = XCBuildConfiguration;
			buildSettings = {
				ASSETCATALOG_COMPILER_APPICON_NAME = AppIcon;
				CODE_SIGN_STYLE = Automatic;
				DEVELOPMENT_TEAM = 3VYD5CW8W2;
				INFOPLIST_FILE = WeatherApp/Info.plist;
				IPHONEOS_DEPLOYMENT_TARGET = 11.0;
				LD_RUNPATH_SEARCH_PATHS = (
					"$(inherited)",
					"@executable_path/Frameworks",
				);
				PRODUCT_BUNDLE_IDENTIFIER = com.lanouari.WeatherApp;
				PRODUCT_NAME = "$(TARGET_NAME)";
				SWIFT_VERSION = 5.0;
				TARGETED_DEVICE_FAMILY = "1,2";
			};
			name = Debug;
		};
		DA13E05E24E72643004A8111 /* Release */ = {
			isa = XCBuildConfiguration;
			buildSettings = {
				ASSETCATALOG_COMPILER_APPICON_NAME = AppIcon;
				CODE_SIGN_STYLE = Automatic;
				DEVELOPMENT_TEAM = 3VYD5CW8W2;
				INFOPLIST_FILE = WeatherApp/Info.plist;
				IPHONEOS_DEPLOYMENT_TARGET = 11.0;
				LD_RUNPATH_SEARCH_PATHS = (
					"$(inherited)",
					"@executable_path/Frameworks",
				);
				PRODUCT_BUNDLE_IDENTIFIER = com.lanouari.WeatherApp;
				PRODUCT_NAME = "$(TARGET_NAME)";
				SWIFT_VERSION = 5.0;
				TARGETED_DEVICE_FAMILY = "1,2";
			};
			name = Release;
		};
		DA13E06024E72643004A8111 /* Debug */ = {
			isa = XCBuildConfiguration;
			buildSettings = {
				ALWAYS_EMBED_SWIFT_STANDARD_LIBRARIES = YES;
				BUNDLE_LOADER = "$(TEST_HOST)";
				CODE_SIGN_STYLE = Automatic;
				DEVELOPMENT_TEAM = 3VYD5CW8W2;
				INFOPLIST_FILE = WeatherAppTests/Info.plist;
				IPHONEOS_DEPLOYMENT_TARGET = 13.0;
				LD_RUNPATH_SEARCH_PATHS = (
					"$(inherited)",
					"@executable_path/Frameworks",
					"@loader_path/Frameworks",
				);
				PRODUCT_BUNDLE_IDENTIFIER = com.lanouari.WeatherAppTests;
				PRODUCT_NAME = "$(TARGET_NAME)";
				SWIFT_VERSION = 5.0;
				TARGETED_DEVICE_FAMILY = "1,2";
				TEST_HOST = "$(BUILT_PRODUCTS_DIR)/WeatherApp.app/WeatherApp";
			};
			name = Debug;
		};
		DA13E06124E72643004A8111 /* Release */ = {
			isa = XCBuildConfiguration;
			buildSettings = {
				ALWAYS_EMBED_SWIFT_STANDARD_LIBRARIES = YES;
				BUNDLE_LOADER = "$(TEST_HOST)";
				CODE_SIGN_STYLE = Automatic;
				DEVELOPMENT_TEAM = 3VYD5CW8W2;
				INFOPLIST_FILE = WeatherAppTests/Info.plist;
				IPHONEOS_DEPLOYMENT_TARGET = 13.0;
				LD_RUNPATH_SEARCH_PATHS = (
					"$(inherited)",
					"@executable_path/Frameworks",
					"@loader_path/Frameworks",
				);
				PRODUCT_BUNDLE_IDENTIFIER = com.lanouari.WeatherAppTests;
				PRODUCT_NAME = "$(TARGET_NAME)";
				SWIFT_VERSION = 5.0;
				TARGETED_DEVICE_FAMILY = "1,2";
				TEST_HOST = "$(BUILT_PRODUCTS_DIR)/WeatherApp.app/WeatherApp";
			};
			name = Release;
		};
/* End XCBuildConfiguration section */

/* Begin XCConfigurationList section */
		DA13E03824E72643004A8111 /* Build configuration list for PBXProject "WeatherApp" */ = {
			isa = XCConfigurationList;
			buildConfigurations = (
				DA13E05A24E72643004A8111 /* Debug */,
				DA13E05B24E72643004A8111 /* Release */,
			);
			defaultConfigurationIsVisible = 0;
			defaultConfigurationName = Release;
		};
		DA13E05C24E72643004A8111 /* Build configuration list for PBXNativeTarget "WeatherApp" */ = {
			isa = XCConfigurationList;
			buildConfigurations = (
				DA13E05D24E72643004A8111 /* Debug */,
				DA13E05E24E72643004A8111 /* Release */,
			);
			defaultConfigurationIsVisible = 0;
			defaultConfigurationName = Release;
		};
		DA13E05F24E72643004A8111 /* Build configuration list for PBXNativeTarget "WeatherAppTests" */ = {
			isa = XCConfigurationList;
			buildConfigurations = (
				DA13E06024E72643004A8111 /* Debug */,
				DA13E06124E72643004A8111 /* Release */,
			);
			defaultConfigurationIsVisible = 0;
			defaultConfigurationName = Release;
		};
/* End XCConfigurationList section */
	};
	rootObject = DA13E03524E72643004A8111 /* Project object */;
}
